
Microsoft Visual Studio Solution File, Format Version 12.00
# Visual Studio Version 16
VisualStudioVersion = 16.0.29326.143
MinimumVisualStudioVersion = 10.0.40219.1
Project("{FAE04EC0-301F-11D3-BF4B-00C04F79EFBC}") = "SmokeTest", "SmokeTest\SmokeTest.csproj", "{EF401080-FDF9-4029-AB2C-D0D99C7DCFE0}"
EndProject
Global
	GlobalSection(SolutionConfigurationPlatforms) = preSolution
		Debug|Any CPU = Debug|Any CPU
		Release|Any CPU = Release|Any CPU
	EndGlobalSection
	GlobalSection(ProjectConfigurationPlatforms) = postSolution
		{EF401080-FDF9-4029-AB2C-D0D99C7DCFE0}.Debug|Any CPU.ActiveCfg = Debug|Any CPU
		{EF401080-FDF9-4029-AB2C-D0D99C7DCFE0}.Debug|Any CPU.Build.0 = Debug|Any CPU
		{EF401080-FDF9-4029-AB2C-D0D99C7DCFE0}.Release|Any CPU.ActiveCfg = Release|Any CPU
		{EF401080-FDF9-4029-AB2C-D0D99C7DCFE0}.Release|Any CPU.Build.0 = Release|Any CPU
	EndGlobalSection
	GlobalSection(SolutionProperties) = preSolution
		HideSolutionNode = FALSE
	EndGlobalSection
	GlobalSection(ExtensibilityGlobals) = postSolution
		SolutionGuid = {4CCB3CCA-DF54-4730-A967-BBC74A5244F7}
	EndGlobalSection
EndGlobal
